
Microsoft Visual Studio Solution File, Format Version 12.00
# Visual Studio Version 17
VisualStudioVersion = 17.5.002.0
MinimumVisualStudioVersion = 10.0.40219.1
Project("{9A19103F-16F7-4668-BE54-9A1E7A4F7556}") = "SignalServer", "SignalServer\SignalServer.csproj", "{9EBCA8A8-8506-4439-943D-29F8FACF8A4E}"
EndProject
Global
	GlobalSection(SolutionConfigurationPlatforms) = preSolution
		Debug|Any CPU = Debug|Any CPU
		Release|Any CPU = Release|Any CPU
	EndGlobalSection
	GlobalSection(ProjectConfigurationPlatforms) = postSolution
		{9EBCA8A8-8506-4439-943D-29F8FACF8A4E}.Debug|Any CPU.ActiveCfg = Debug|Any CPU
		{9EBCA8A8-8506-4439-943D-29F8FACF8A4E}.Debug|Any CPU.Build.0 = Debug|Any CPU
		{9EBCA8A8-8506-4439-943D-29F8FACF8A4E}.Release|Any CPU.ActiveCfg = Release|Any CPU
		{9EBCA8A8-8506-4439-943D-29F8FACF8A4E}.Release|Any CPU.Build.0 = Release|Any CPU
	EndGlobalSection
	GlobalSection(SolutionProperties) = preSolution
		HideSolutionNode = FALSE
	EndGlobalSection
	GlobalSection(ExtensibilityGlobals) = postSolution
		SolutionGuid = {4E8D7D88-DFBD-4231-A325-51EB0F04F578}
	EndGlobalSection
EndGlobal
